
Microsoft Visual Studio Solution File, Format Version 12.00
# Visual Studio Version 17
VisualStudioVersion = 17.3.32929.385
MinimumVisualStudioVersion = 10.0.40219.1
Project("{9A19103F-16F7-4668-BE54-9A1E7A4F7556}") = "GameService", "GameService\GameService.csproj", "{C6517B51-49E4-4676-91DE-105535FD4755}"
EndProject
Global
	GlobalSection(SolutionConfigurationPlatforms) = preSolution
		Debug|Any CPU = Debug|Any CPU
		Release|Any CPU = Release|Any CPU
	EndGlobalSection
	GlobalSection(ProjectConfigurationPlatforms) = postSolution
		{C6517B51-49E4-4676-91DE-105535FD4755}.Debug|Any CPU.ActiveCfg = Debug|Any CPU
		{C6517B51-49E4-4676-91DE-105535FD4755}.Debug|Any CPU.Build.0 = Debug|Any CPU
		{C6517B51-49E4-4676-91DE-105535FD4755}.Release|Any CPU.ActiveCfg = Release|Any CPU
		{C6517B51-49E4-4676-91DE-105535FD4755}.Release|Any CPU.Build.0 = Release|Any CPU
	EndGlobalSection
	GlobalSection(SolutionProperties) = preSolution
		HideSolutionNode = FALSE
	EndGlobalSection
	GlobalSection(ExtensibilityGlobals) = postSolution
		SolutionGuid = {14F60B12-7DCC-41A6-B236-545D540006C9}
	EndGlobalSection
EndGlobal
